# THIS IS AN AUTOGENERATED FILE. DO NOT EDIT THIS FILE DIRECTLY.
# yarn lockfile v1


acorn@^7.1.1:
  version "7.1.1"
  resolved "https://registry.yarnpkg.com/acorn/-/acorn-7.1.1.tgz#e35668de0b402f359de515c5482a1ab9f89a69bf"
  integrity sha512-add7dgA5ppRPxCFJoAGfMDi7PIBXq1RtGo7BhbLaxwrXPOmw8gq48Y9ozT01hUKy9byMjlR20EJhu5zlkErEkg==

minimist@^0.2.1:
  version "0.2.1"
  resolved "https://registry.yarnpkg.com/minimist/-/minimist-0.2.1.tgz#827ba4e7593464e7c221e8c5bed930904ee2c455"
  integrity sha512-GY8fANSrTMfBVfInqJAY41QkOM+upUTytK1jZ0c8+3HdHrJxBJ3rF5i9moClXTE8uUSnUo8cAsCoxDXvSY4DHg==

yarn@^1.22.0:
  version "1.22.0"
  resolved "https://registry.yarnpkg.com/yarn/-/yarn-1.22.0.tgz#acf82906e36bcccd1ccab1cfb73b87509667c881"
  integrity sha512-KMHP/Jq53jZKTY9iTUt3dIVl/be6UPs2INo96+BnZHLKxYNTfwMmlgHTaMWyGZoO74RI4AIFvnWhYrXq2USJkg==
